{
  "nodes": {
    "bluos-controller-mac-zip": {
      "flake": false,
      "locked": {
        "lastModified": 1720440688,
        "narHash": "sha256-N4RM9m8QENJXQAWb0bHeu0EMcsPoDmEVr3uL6JpIkds=",
        "type": "tarball",
        "url": "https://content-bluesound-com.s3.amazonaws.com/uploads/2024/07/BluOS-Controller-4.4.1-MacOS.zip"
      },
      "original": {
        "type": "tarball",
        "url": "https://content-bluesound-com.s3.amazonaws.com/uploads/2024/07/BluOS-Controller-4.4.1-MacOS.zip"
      }
    },
    "bluos-controller-win-zip": {
      "flake": false,
      "locked": {
        "lastModified": 1720103658,
        "narHash": "sha256-Bhs4hfmly8mLCavka/porabOKp9B24VSYBuyqxArnfU=",
        "type": "tarball",
        "url": "https://content-bluesound-com.s3.amazonaws.com/uploads/2024/07/BluOS-Controller-4.4.1-Windows.zip"
      },
      "original": {
        "type": "tarball",
        "url": "https://content-bluesound-com.s3.amazonaws.com/uploads/2024/07/BluOS-Controller-4.4.1-Windows.zip"
      }
    },
    "flake-compat": {
      "flake": false,
      "locked": {
        "lastModified": 1696426674,
        "narHash": "sha256-kvjfFW7WAETZlt09AgDn1MrtKzP7t90Vf7vypd3OL1U=",
        "owner": "edolstra",
        "repo": "flake-compat",
        "rev": "0f9255e01c2351cc7d116c072cb317785dd33b33",
        "type": "github"
      },
      "original": {
        "owner": "edolstra",
        "repo": "flake-compat",
        "type": "github"
      }
    },
    "flake-parts": {
      "inputs": {
        "nixpkgs-lib": "nixpkgs-lib"
      },
      "locked": {
        "lastModified": 1727826117,
        "narHash": "sha256-K5ZLCyfO/Zj9mPFldf3iwS6oZStJcU4tSpiXTMYaaL0=",
        "owner": "hercules-ci",
        "repo": "flake-parts",
        "rev": "3d04084d54bedc3d6b8b736c70ef449225c361b1",
        "type": "github"
      },
      "original": {
        "owner": "hercules-ci",
        "repo": "flake-parts",
        "type": "github"
      }
    },
    "flake-parts_2": {
      "inputs": {
        "nixpkgs-lib": "nixpkgs-lib_2"
      },
      "locked": {
        "lastModified": 1727826117,
        "narHash": "sha256-K5ZLCyfO/Zj9mPFldf3iwS6oZStJcU4tSpiXTMYaaL0=",
        "owner": "hercules-ci",
        "repo": "flake-parts",
        "rev": "3d04084d54bedc3d6b8b736c70ef449225c361b1",
        "type": "github"
      },
      "original": {
        "owner": "hercules-ci",
        "repo": "flake-parts",
        "type": "github"
      }
    },
    "nix-project": {
      "inputs": {
        "flake-compat": "flake-compat",
        "flake-parts": "flake-parts_2",
        "nixpkgs-master": "nixpkgs-master",
        "nixpkgs-stable-darwin": "nixpkgs-stable-darwin",
        "nixpkgs-stable-linux": "nixpkgs-stable-linux",
        "nixpkgs-unstable": "nixpkgs-unstable",
        "ox-gfm": "ox-gfm"
      },
      "locked": {
        "lastModified": 1729486219,
        "narHash": "sha256-AWSih/w0IcEoaUlp2ZK2BjkJgetzkBDIViv+qVE5134=",
        "owner": "shajra",
        "repo": "nix-project",
        "rev": "1272ce44cc2398489a3ae43a66ac3db92ba92c41",
        "type": "github"
      },
      "original": {
        "owner": "shajra",
        "repo": "nix-project",
        "type": "github"
      }
    },
    "nixpkgs-lib": {
      "locked": {
        "lastModified": 1727825735,
        "narHash": "sha256-0xHYkMkeLVQAMa7gvkddbPqpxph+hDzdu1XdGPJR+Os=",
        "type": "tarball",
        "url": "https://github.com/NixOS/nixpkgs/archive/fb192fec7cc7a4c26d51779e9bab07ce6fa5597a.tar.gz"
      },
      "original": {
        "type": "tarball",
        "url": "https://github.com/NixOS/nixpkgs/archive/fb192fec7cc7a4c26d51779e9bab07ce6fa5597a.tar.gz"
      }
    },
    "nixpkgs-lib_2": {
      "locked": {
        "lastModified": 1727825735,
        "narHash": "sha256-0xHYkMkeLVQAMa7gvkddbPqpxph+hDzdu1XdGPJR+Os=",
        "type": "tarball",
        "url": "https://github.com/NixOS/nixpkgs/archive/fb192fec7cc7a4c26d51779e9bab07ce6fa5597a.tar.gz"
      },
      "original": {
        "type": "tarball",
        "url": "https://github.com/NixOS/nixpkgs/archive/fb192fec7cc7a4c26d51779e9bab07ce6fa5597a.tar.gz"
      }
    },
    "nixpkgs-master": {
      "locked": {
        "lastModified": 1729484324,
        "narHash": "sha256-XQaRrKPuUsrs8FSrF9WGkuDrCslbqVq7RU7NP4jwJsE=",
        "owner": "NixOS",
        "repo": "nixpkgs",
        "rev": "df0f4a62f97b4815f653d098152874d0e7876820",
        "type": "github"
      },
      "original": {
        "owner": "NixOS",
        "ref": "master",
        "repo": "nixpkgs",
        "type": "github"
      }
    },
    "nixpkgs-stable-darwin": {
      "locked": {
        "lastModified": 1729324038,
        "narHash": "sha256-yp9XaqybgDGAGFZrQ+LTS4vOiksfLiE9vSomSJqNQio=",
        "owner": "NixOS",
        "repo": "nixpkgs",
        "rev": "b05f6e2067567e50bfda1e45e768d550cfeec25b",
        "type": "github"
      },
      "original": {
        "owner": "NixOS",
        "ref": "nixpkgs-24.05-darwin",
        "repo": "nixpkgs",
        "type": "github"
      }
    },
    "nixpkgs-stable-linux": {
      "locked": {
        "lastModified": 1729181673,
        "narHash": "sha256-LDiPhQ3l+fBjRATNtnuDZsBS7hqoBtPkKBkhpoBHv3I=",
        "owner": "NixOS",
        "repo": "nixpkgs",
        "rev": "4eb33fe664af7b41a4c446f87d20c9a0a6321fa3",
        "type": "github"
      },
      "original": {
        "owner": "NixOS",
        "ref": "nixos-24.05",
        "repo": "nixpkgs",
        "type": "github"
      }
    },
    "nixpkgs-unstable": {
      "locked": {
        "lastModified": 1729265718,
        "narHash": "sha256-4HQI+6LsO3kpWTYuVGIzhJs1cetFcwT7quWCk/6rqeo=",
        "owner": "NixOS",
        "repo": "nixpkgs",
        "rev": "ccc0c2126893dd20963580b6478d1a10a4512185",
        "type": "github"
      },
      "original": {
        "owner": "NixOS",
        "ref": "nixpkgs-unstable",
        "repo": "nixpkgs",
        "type": "github"
      }
    },
    "ox-gfm": {
      "flake": false,
      "locked": {
        "lastModified": 1479132511,
        "narHash": "sha256-Grot+0iay2nw/08bpC0i2B59HstdNq1kEZodn3D/GFA=",
        "owner": "syl20bnr",
        "repo": "ox-gfm",
        "rev": "352ab00a5e06d042700bf7955f9ace48c503c1c8",
        "type": "github"
      },
      "original": {
        "owner": "syl20bnr",
        "repo": "ox-gfm",
        "type": "github"
      }
    },
    "root": {
      "inputs": {
        "bluos-controller-mac-zip": "bluos-controller-mac-zip",
        "bluos-controller-win-zip": "bluos-controller-win-zip",
        "flake-parts": "flake-parts",
        "nix-project": "nix-project"
      }
    }
  },
  "root": "root",
  "version": 7
}
